<?xml version="1.0" encoding="utf-8"?>
<Project ToolsVersion="4.0" xmlns="http://schemas.microsoft.com/developer/msbuild/2003">
  <ItemGroup>
    <Filter Include="Source Files">
      <UniqueIdentifier>{4FC737F1-C7A5-4376-A066-2A32D752A2FF}</UniqueIdentifier>
      <Extensions>cpp;c;cc;cxx;def;odl;idl;hpj;bat;asm;asmx</Extensions>
    </Filter>
    <Filter Include="Header Files">
      <UniqueIdentifier>{93995380-89BD-4b04-88EB-625FBE52EBFB}</UniqueIdentifier>
      <Extensions>h;hh;hpp;hxx;hm;inl;inc;xsd</Extensions>
    </Filter>
    <Filter Include="Resource Files">
      <UniqueIdentifier>{67DA6AB6-F800-4c08-8B7A-83BB121AAD01}</UniqueIdentifier>
      <Extensions>rc;ico;cur;bmp;dlg;rc2;rct;bin;rgs;gif;jpg;jpeg;jpe;resx;tiff;tif;png;wav;mfcribbon-ms</Extensions>
    </Filter>
    <Filter Include="Resource Files\Icons">
      <UniqueIdentifier>{a026053f-a437-4592-9172-ee1a79acbeac}</UniqueIdentifier>
    </Filter>
    <Filter Include="Resource Files\Photos">
      <UniqueIdentifier>{60fa2d3e-65a9-4844-9819-4d8c92b5a17f}</UniqueIdentifier>
    </Filter>
  </ItemGroup>
  <ItemGroup>
    <ClInclude Include="Listener.h">
      <Filter>Header Files</Filter>
    </ClInclude>
    <ClInclude Include="OGLApplication.h">
      <Filter>Header Files</Filter>
    </ClInclude>
    <ClInclude Include="OGLWin32.h">
      <Filter>Header Files</Filter>
    </ClInclude>
    <ClInclude Include="OGLWindow.h">
      <Filter>Header Files</Filter>
    </ClInclude>
    <ClInclude Include="Renderable.h">
      <Filter>Header Files</Filter>
    </ClInclude>
    <ClInclude Include="Resource.h">
      <Filter>Header Files</Filter>
    </ClInclude>
    <ClInclude Include="targetver.h">
      <Filter>Header Files</Filter>
    </ClInclude>
    <ClInclude Include="Vector2D.h">
      <Filter>Header Files</Filter>
    </ClInclude>
    <ClInclude Include="OGLWindowMaker.h">
      <Filter>Header Files</Filter>
    </ClInclude>
    <ClInclude Include="OGLStartBar.h">
      <Filter>Header Files</Filter>
    </ClInclude>
    <ClInclude Include="GLFont.h">
      <Filter>Header Files</Filter>
    </ClInclude>
    <ClInclude Include="freeglut.h">
      <Filter>Header Files</Filter>
    </ClInclude>
    <ClInclude Include="freeglut_ext.h">
      <Filter>Header Files</Filter>
    </ClInclude>
    <ClInclude Include="freeglut_std.h">
      <Filter>Header Files</Filter>
    </ClInclude>
    <ClInclude Include="SlideBar.h">
      <Filter>Header Files</Filter>
    </ClInclude>
    <ClInclude Include="ColourSelect.h">
      <Filter>Header Files</Filter>
    </ClInclude>
    <ClInclude Include="ImageReader.h">
      <Filter>Header Files</Filter>
    </ClInclude>
    <ClInclude Include="DesktopIcon.h">
      <Filter>Header Files</Filter>
    </ClInclude>
    <ClInclude Include="PhotoView.h">
      <Filter>Header Files</Filter>
    </ClInclude>
  </ItemGroup>
  <ItemGroup>
    <ClCompile Include="OGLApplication.cpp">
      <Filter>Source Files</Filter>
    </ClCompile>
    <ClCompile Include="OGLWin32.cpp">
      <Filter>Source Files</Filter>
    </ClCompile>
    <ClCompile Include="OGLWindow.cpp">
      <Filter>Source Files</Filter>
    </ClCompile>
    <ClCompile Include="Vector2D.cpp">
      <Filter>Source Files</Filter>
    </ClCompile>
    <ClCompile Include="OGLWindowMaker.cpp">
      <Filter>Source Files</Filter>
    </ClCompile>
    <ClCompile Include="OGLStartBar.cpp">
      <Filter>Source Files</Filter>
    </ClCompile>
    <ClCompile Include="GLFont.cpp">
      <Filter>Source Files</Filter>
    </ClCompile>
    <ClCompile Include="SlideBar.cpp">
      <Filter>Source Files</Filter>
    </ClCompile>
    <ClCompile Include="ColourSelect.cpp">
      <Filter>Source Files</Filter>
    </ClCompile>
    <ClCompile Include="ImageReader.cpp">
      <Filter>Source Files</Filter>
    </ClCompile>
    <ClCompile Include="DesktopIcon.cpp">
      <Filter>Source Files</Filter>
    </ClCompile>
    <ClCompile Include="PhotoView.cpp">
      <Filter>Source Files</Filter>
    </ClCompile>
  </ItemGroup>
  <ItemGroup>
    <Image Include="OGLWin32.ico">
      <Filter>Resource Files</Filter>
    </Image>
    <Image Include="small.ico">
      <Filter>Resource Files</Filter>
    </Image>
    <Image Include="Icons\ProgramsIcon.tga">
      <Filter>Resource Files\Icons</Filter>
    </Image>
    <Image Include="Icons\Documentsicon.tga">
      <Filter>Resource Files\Icons</Filter>
    </Image>
    <Image Include="Icons\SettingsIcon.tga">
      <Filter>Resource Files\Icons</Filter>
    </Image>
    <Image Include="Icons\ColourSelector.tga">
      <Filter>Resource Files\Icons</Filter>
    </Image>
    <Image Include="Icons\PhotoViewerIcon.tga">
      <Filter>Resource Files\Icons</Filter>
    </Image>
    <Image Include="Photos\photo1.tga">
      <Filter>Resource Files\Photos</Filter>
    </Image>
  </ItemGroup>
  <ItemGroup>
    <ResourceCompile Include="OGLWin32.rc">
      <Filter>Resource Files</Filter>
    </ResourceCompile>
  </ItemGroup>
  <ItemGroup>
    <CustomBuild Include="franklin_gothic.glf">
      <Filter>Resource Files</Filter>
    </CustomBuild>
    <CustomBuild Include="times_new1.glf">
      <Filter>Resource Files</Filter>
    </CustomBuild>
    <CustomBuild Include="arial1.glf">
      <Filter>Resource Files</Filter>
    </CustomBuild>
    <CustomBuild Include="another_font.glf">
      <Filter>Resource Files</Filter>
    </CustomBuild>
  </ItemGroup>
</Project>